
Microsoft Visual Studio Solution File, Format Version 12.00
# Visual Studio Version 16
VisualStudioVersion = 16.0.29806.167
MinimumVisualStudioVersion = 10.0.40219.1
Project("{FAE04EC0-301F-11D3-BF4B-00C04F79EFBC}") = "Arrays", "Arrays\Arrays.csproj", "{678D07D1-D336-4107-BA06-D46F16DEC905}"
EndProject
Project("{FAE04EC0-301F-11D3-BF4B-00C04F79EFBC}") = "LinkedLists", "LinkedList\LinkedLists.csproj", "{11F55EDF-F6BB-4957-8DDF-2FBD469DAAF0}"
EndProject
Project("{FAE04EC0-301F-11D3-BF4B-00C04F79EFBC}") = "Stacks", "Stacks\Stacks.csproj", "{300C58E7-F753-4DCB-8714-912447E25296}"
EndProject
Project("{FAE04EC0-301F-11D3-BF4B-00C04F79EFBC}") = "Queues", "Queues\Queues.csproj", "{08734DB8-23DA-40BE-8BB1-196B72C9AAE0}"
EndProject
Project("{FAE04EC0-301F-11D3-BF4B-00C04F79EFBC}") = "HashTables", "HashTables\HashTables.csproj", "{C800595C-97ED-4687-91BF-9928044AC270}"
EndProject
Global
	GlobalSection(SolutionConfigurationPlatforms) = preSolution
		Debug|Any CPU = Debug|Any CPU
		Release|Any CPU = Release|Any CPU
	EndGlobalSection
	GlobalSection(ProjectConfigurationPlatforms) = postSolution
		{678D07D1-D336-4107-BA06-D46F16DEC905}.Debug|Any CPU.ActiveCfg = Debug|Any CPU
		{678D07D1-D336-4107-BA06-D46F16DEC905}.Debug|Any CPU.Build.0 = Debug|Any CPU
		{678D07D1-D336-4107-BA06-D46F16DEC905}.Release|Any CPU.ActiveCfg = Release|Any CPU
		{678D07D1-D336-4107-BA06-D46F16DEC905}.Release|Any CPU.Build.0 = Release|Any CPU
		{11F55EDF-F6BB-4957-8DDF-2FBD469DAAF0}.Debug|Any CPU.ActiveCfg = Debug|Any CPU
		{11F55EDF-F6BB-4957-8DDF-2FBD469DAAF0}.Debug|Any CPU.Build.0 = Debug|Any CPU
		{11F55EDF-F6BB-4957-8DDF-2FBD469DAAF0}.Release|Any CPU.ActiveCfg = Release|Any CPU
		{11F55EDF-F6BB-4957-8DDF-2FBD469DAAF0}.Release|Any CPU.Build.0 = Release|Any CPU
		{300C58E7-F753-4DCB-8714-912447E25296}.Debug|Any CPU.ActiveCfg = Debug|Any CPU
		{300C58E7-F753-4DCB-8714-912447E25296}.Debug|Any CPU.Build.0 = Debug|Any CPU
		{300C58E7-F753-4DCB-8714-912447E25296}.Release|Any CPU.ActiveCfg = Release|Any CPU
		{300C58E7-F753-4DCB-8714-912447E25296}.Release|Any CPU.Build.0 = Release|Any CPU
		{08734DB8-23DA-40BE-8BB1-196B72C9AAE0}.Debug|Any CPU.ActiveCfg = Debug|Any CPU
		{08734DB8-23DA-40BE-8BB1-196B72C9AAE0}.Debug|Any CPU.Build.0 = Debug|Any CPU
		{08734DB8-23DA-40BE-8BB1-196B72C9AAE0}.Release|Any CPU.ActiveCfg = Release|Any CPU
		{08734DB8-23DA-40BE-8BB1-196B72C9AAE0}.Release|Any CPU.Build.0 = Release|Any CPU
		{C800595C-97ED-4687-91BF-9928044AC270}.Debug|Any CPU.ActiveCfg = Debug|Any CPU
		{C800595C-97ED-4687-91BF-9928044AC270}.Debug|Any CPU.Build.0 = Debug|Any CPU
		{C800595C-97ED-4687-91BF-9928044AC270}.Release|Any CPU.ActiveCfg = Release|Any CPU
		{C800595C-97ED-4687-91BF-9928044AC270}.Release|Any CPU.Build.0 = Release|Any CPU
	EndGlobalSection
	GlobalSection(SolutionProperties) = preSolution
		HideSolutionNode = FALSE
	EndGlobalSection
	GlobalSection(ExtensibilityGlobals) = postSolution
		SolutionGuid = {1C2E754C-0D8A-4BB7-BF63-5F9D74226CF7}
	EndGlobalSection
EndGlobal
